{
  "name": "@mvllow/pinecone",
  "version": "0.3.2",
  "lockfileVersion": 2,
  "requires": true,
  "packages": {
    "": {
      "name": "@mvllow/pinecone",
      "version": "0.3.2",
      "license": "MIT",
      "bin": {
        "pinecone": "lib/index.js"
      },
      "devDependencies": {
        "@types/node": "^14.0.18",
        "prettier": "^2.0.5",
        "typescript": "^3.9.6"
      }
    },
    "node_modules/@types/node": {
      "version": "14.0.18",
      "resolved": "https://registry.npmjs.org/@types/node/-/node-14.0.18.tgz",
      "integrity": "sha512-0Z3nS5acM0cIV4JPzrj9g/GH0Et5vmADWtip3YOXOp1NpOLU8V3KoZDc8ny9c1pe/YSYYzQkAWob6dyV/EWg4g==",
      "dev": true
    },
    "node_modules/prettier": {
      "version": "2.0.5",
      "resolved": "https://registry.npmjs.org/prettier/-/prettier-2.0.5.tgz",
      "integrity": "sha512-7PtVymN48hGcO4fGjybyBSIWDsLU4H4XlvOHfq91pz9kkGlonzwTfYkaIEwiRg/dAJF9YlbsduBAgtYLi+8cFg==",
      "dev": true,
      "bin": {
        "prettier": "bin-prettier.js"
      },
      "engines": {
        "node": ">=10.13.0"
      }
    },
    "node_modules/typescript": {
      "version": "3.9.6",
      "resolved": "https://registry.npmjs.org/typescript/-/typescript-3.9.6.tgz",
      "integrity": "sha512-Pspx3oKAPJtjNwE92YS05HQoY7z2SFyOpHo9MqJor3BXAGNaPUs83CuVp9VISFkSjyRfiTpmKuAYGJB7S7hOxw==",
      "dev": true,
      "bin": {
        "tsc": "bin/tsc",
        "tsserver": "bin/tsserver"
      },
      "engines": {
        "node": ">=4.2.0"
      }
    }
  },
  "dependencies": {
    "@types/node": {
      "version": "14.0.18",
      "resolved": "https://registry.npmjs.org/@types/node/-/node-14.0.18.tgz",
      "integrity": "sha512-0Z3nS5acM0cIV4JPzrj9g/GH0Et5vmADWtip3YOXOp1NpOLU8V3KoZDc8ny9c1pe/YSYYzQkAWob6dyV/EWg4g==",
      "dev": true
    },
    "prettier": {
      "version": "2.0.5",
      "resolved": "https://registry.npmjs.org/prettier/-/prettier-2.0.5.tgz",
      "integrity": "sha512-7PtVymN48hGcO4fGjybyBSIWDsLU4H4XlvOHfq91pz9kkGlonzwTfYkaIEwiRg/dAJF9YlbsduBAgtYLi+8cFg==",
      "dev": true
    },
    "typescript": {
      "version": "3.9.6",
      "resolved": "https://registry.npmjs.org/typescript/-/typescript-3.9.6.tgz",
      "integrity": "sha512-Pspx3oKAPJtjNwE92YS05HQoY7z2SFyOpHo9MqJor3BXAGNaPUs83CuVp9VISFkSjyRfiTpmKuAYGJB7S7hOxw==",
      "dev": true
    }
  }
}
